// !$*UTF8*$!
{
	archiveVersion = 1;
	classes = {
	};
	objectVersion = 51;
	objects = {

/* Begin PBXBuildFile section */
		4612E87425D64C1F0085F7FE /* HomeView.swift in Sources */ = {isa = PBXBuildFile; fileRef = 4612E87325D64C1F0085F7FE /* HomeView.swift */; };
		46A0A1EB25D1EF8500BDCD4A /* ImagePickerView.swift in Sources */ = {isa = PBXBuildFile; fileRef = 46A0A1EA25D1EF8500BDCD4A /* ImagePickerView.swift */; };
		46A0A1EE25D1F16D00BDCD4A /* Coodinator.swift in Sources */ = {isa = PBXBuildFile; fileRef = 46A0A1ED25D1F16D00BDCD4A /* Coodinator.swift */; };
		46A0A1F125D2C4B600BDCD4A /* IconView.swift in Sources */ = {isa = PBXBuildFile; fileRef = 46A0A1F025D2C4B600BDCD4A /* IconView.swift */; };
		46D93B1A25B932330031DD92 /* Big5AppApp.swift in Sources */ = {isa = PBXBuildFile; fileRef = 46D93B1925B932330031DD92 /* Big5AppApp.swift */; };
		46D93B1C25B932330031DD92 /* ContentView.swift in Sources */ = {isa = PBXBuildFile; fileRef = 46D93B1B25B932330031DD92 /* ContentView.swift */; };
		46D93B1E25B932360031DD92 /* Assets.xcassets in Resources */ = {isa = PBXBuildFile; fileRef = 46D93B1D25B932360031DD92 /* Assets.xcassets */; };
		46D93B2125B932360031DD92 /* Preview Assets.xcassets in Resources */ = {isa = PBXBuildFile; fileRef = 46D93B2025B932360031DD92 /* Preview Assets.xcassets */; };
		46D93B2B25B932860031DD92 /* Big5App.xcdatamodeld in Sources */ = {isa = PBXBuildFile; fileRef = 46D93B2925B932860031DD92 /* Big5App.xcdatamodeld */; };
		46D93B2E25B934390031DD92 /* Persistence.swift in Sources */ = {isa = PBXBuildFile; fileRef = 46D93B2D25B934390031DD92 /* Persistence.swift */; };
		46D93B3125BC57800031DD92 /* EditData.swift in Sources */ = {isa = PBXBuildFile; fileRef = 46D93B3025BC57800031DD92 /* EditData.swift */; };
		46D93B3525BCDCAD0031DD92 /* Binding+Extension.swift in Sources */ = {isa = PBXBuildFile; fileRef = 46D93B3425BCDCAD0031DD92 /* Binding+Extension.swift */; };
		46D93B3925BCFB030031DD92 /* NewData.swift in Sources */ = {isa = PBXBuildFile; fileRef = 46D93B3825BCFB030031DD92 /* NewData.swift */; };
		46D93B3C25BD75F20031DD92 /* Color+Extension.swift in Sources */ = {isa = PBXBuildFile; fileRef = 46D93B3B25BD75F20031DD92 /* Color+Extension.swift */; };
		46D93B4025BD761A0031DD92 /* CGFloat+Extension.swift in Sources */ = {isa = PBXBuildFile; fileRef = 46D93B3F25BD761A0031DD92 /* CGFloat+Extension.swift */; };
		46D93B4725BD9BE20031DD92 /* ChartView.swift in Sources */ = {isa = PBXBuildFile; fileRef = 46D93B4625BD9BE20031DD92 /* ChartView.swift */; };
		46D93B4C25BD9D0A0031DD92 /* big5Edit.swift in Sources */ = {isa = PBXBuildFile; fileRef = 46D93B4B25BD9D0A0031DD92 /* big5Edit.swift */; };
		46D93B5325BDADD30031DD92 /* big5QuesCard.swift in Sources */ = {isa = PBXBuildFile; fileRef = 46D93B5225BDADD30031DD92 /* big5QuesCard.swift */; };
		46D93B5625BDAE2C0031DD92 /* big5SlideView.swift in Sources */ = {isa = PBXBuildFile; fileRef = 46D93B5525BDAE2C0031DD92 /* big5SlideView.swift */; };
		46D93B5925BDAE840031DD92 /* ObservedClass.swift in Sources */ = {isa = PBXBuildFile; fileRef = 46D93B5825BDAE840031DD92 /* ObservedClass.swift */; };
		46D93B5D25BDB30A0031DD92 /* DetailData.swift in Sources */ = {isa = PBXBuildFile; fileRef = 46D93B5C25BDB30A0031DD92 /* DetailData.swift */; };
		46D93B6325C6FBD80031DD92 /* QuickMemo.swift in Sources */ = {isa = PBXBuildFile; fileRef = 46D93B6225C6FBD80031DD92 /* QuickMemo.swift */; };
		5A9A37A62AEA3A967947BCC4 /* Pods_Big5App.framework in Frameworks */ = {isa = PBXBuildFile; fileRef = 545B744CD1CF28F4CEA09159 /* Pods_Big5App.framework */; };
/* End PBXBuildFile section */

/* Begin PBXFileReference section */
		3C1518D77AF8AFBA41E4EC63 /* Pods-Big5App.debug.xcconfig */ = {isa = PBXFileReference; includeInIndex = 1; lastKnownFileType = text.xcconfig; name = "Pods-Big5App.debug.xcconfig"; path = "Target Support Files/Pods-Big5App/Pods-Big5App.debug.xcconfig"; sourceTree = "<group>"; };
		4612E87125D61E470085F7FE /* toVer2.xcmappingmodel */ = {isa = PBXFileReference; lastKnownFileType = wrapper.xcmappingmodel; name = toVer2.xcmappingmodel; path = /Users/gari/pyworks/big5App/iOS_App/Big5/Big5App/Big5App/Config/toVer2.xcmappingmodel; sourceTree = "<absolute>"; };
		4612E87325D64C1F0085F7FE /* HomeView.swift */ = {isa = PBXFileReference; lastKnownFileType = sourcecode.swift; path = HomeView.swift; sourceTree = "<group>"; };
		46A0A1EA25D1EF8500BDCD4A /* ImagePickerView.swift */ = {isa = PBXFileReference; lastKnownFileType = sourcecode.swift; path = ImagePickerView.swift; sourceTree = "<group>"; };
		46A0A1ED25D1F16D00BDCD4A /* Coodinator.swift */ = {isa = PBXFileReference; lastKnownFileType = sourcecode.swift; path = Coodinator.swift; sourceTree = "<group>"; };
		46A0A1F025D2C4B600BDCD4A /* IconView.swift */ = {isa = PBXFileReference; lastKnownFileType = sourcecode.swift; path = IconView.swift; sourceTree = "<group>"; };
		46A1530025D61A92006AE41E /* Big5App_ver2.xcdatamodel */ = {isa = PBXFileReference; lastKnownFileType = wrapper.xcdatamodel; path = Big5App_ver2.xcdatamodel; sourceTree = "<group>"; };
		46D93B1625B932330031DD92 /* Big5App.app */ = {isa = PBXFileReference; explicitFileType = wrapper.application; includeInIndex = 0; path = Big5App.app; sourceTree = BUILT_PRODUCTS_DIR; };
		46D93B1925B932330031DD92 /* Big5AppApp.swift */ = {isa = PBXFileReference; lastKnownFileType = sourcecode.swift; path = Big5AppApp.swift; sourceTree = "<group>"; };
		46D93B1B25B932330031DD92 /* ContentView.swift */ = {isa = PBXFileReference; lastKnownFileType = sourcecode.swift; path = ContentView.swift; sourceTree = "<group>"; };
		46D93B1D25B932360031DD92 /* Assets.xcassets */ = {isa = PBXFileReference; lastKnownFileType = folder.assetcatalog; path = Assets.xcassets; sourceTree = "<group>"; };
		46D93B2025B932360031DD92 /* Preview Assets.xcassets */ = {isa = PBXFileReference; lastKnownFileType = folder.assetcatalog; path = "Preview Assets.xcassets"; sourceTree = "<group>"; };
		46D93B2225B932360031DD92 /* Info.plist */ = {isa = PBXFileReference; lastKnownFileType = text.plist.xml; path = Info.plist; sourceTree = "<group>"; };
		46D93B2A25B932860031DD92 /* Big5App.xcdatamodel */ = {isa = PBXFileReference; lastKnownFileType = wrapper.xcdatamodel; path = Big5App.xcdatamodel; sourceTree = "<group>"; };
		46D93B2D25B934390031DD92 /* Persistence.swift */ = {isa = PBXFileReference; lastKnownFileType = sourcecode.swift; path = Persistence.swift; sourceTree = "<group>"; };
		46D93B3025BC57800031DD92 /* EditData.swift */ = {isa = PBXFileReference; lastKnownFileType = sourcecode.swift; path = EditData.swift; sourceTree = "<group>"; };
		46D93B3425BCDCAD0031DD92 /* Binding+Extension.swift */ = {isa = PBXFileReference; lastKnownFileType = sourcecode.swift; path = "Binding+Extension.swift"; sourceTree = "<group>"; };
		46D93B3825BCFB030031DD92 /* NewData.swift */ = {isa = PBXFileReference; lastKnownFileType = sourcecode.swift; path = NewData.swift; sourceTree = "<group>"; };
		46D93B3B25BD75F20031DD92 /* Color+Extension.swift */ = {isa = PBXFileReference; lastKnownFileType = sourcecode.swift; path = "Color+Extension.swift"; sourceTree = "<group>"; };
		46D93B3F25BD761A0031DD92 /* CGFloat+Extension.swift */ = {isa = PBXFileReference; lastKnownFileType = sourcecode.swift; path = "CGFloat+Extension.swift"; sourceTree = "<group>"; };
		46D93B4625BD9BE20031DD92 /* ChartView.swift */ = {isa = PBXFileReference; lastKnownFileType = sourcecode.swift; path = ChartView.swift; sourceTree = "<group>"; };
		46D93B4B25BD9D0A0031DD92 /* big5Edit.swift */ = {isa = PBXFileReference; lastKnownFileType = sourcecode.swift; path = big5Edit.swift; sourceTree = "<group>"; };
		46D93B5225BDADD30031DD92 /* big5QuesCard.swift */ = {isa = PBXFileReference; lastKnownFileType = sourcecode.swift; path = big5QuesCard.swift; sourceTree = "<group>"; };
		46D93B5525BDAE2C0031DD92 /* big5SlideView.swift */ = {isa = PBXFileReference; lastKnownFileType = sourcecode.swift; path = big5SlideView.swift; sourceTree = "<group>"; };
		46D93B5825BDAE840031DD92 /* ObservedClass.swift */ = {isa = PBXFileReference; lastKnownFileType = sourcecode.swift; path = ObservedClass.swift; sourceTree = "<group>"; };
		46D93B5C25BDB30A0031DD92 /* DetailData.swift */ = {isa = PBXFileReference; lastKnownFileType = sourcecode.swift; path = DetailData.swift; sourceTree = "<group>"; };
		46D93B6225C6FBD80031DD92 /* QuickMemo.swift */ = {isa = PBXFileReference; lastKnownFileType = sourcecode.swift; path = QuickMemo.swift; sourceTree = "<group>"; };
		545B744CD1CF28F4CEA09159 /* Pods_Big5App.framework */ = {isa = PBXFileReference; explicitFileType = wrapper.framework; includeInIndex = 0; path = Pods_Big5App.framework; sourceTree = BUILT_PRODUCTS_DIR; };
		FF0832B25BD497AC58AD6D24 /* Pods-Big5App.release.xcconfig */ = {isa = PBXFileReference; includeInIndex = 1; lastKnownFileType = text.xcconfig; name = "Pods-Big5App.release.xcconfig"; path = "Target Support Files/Pods-Big5App/Pods-Big5App.release.xcconfig"; sourceTree = "<group>"; };
/* End PBXFileReference section */

/* Begin PBXFrameworksBuildPhase section */
		46D93B1325B932330031DD92 /* Frameworks */ = {
			isa = PBXFrameworksBuildPhase;
			buildActionMask = 2147483647;
			files = (
				5A9A37A62AEA3A967947BCC4 /* Pods_Big5App.framework in Frameworks */,
			);
			runOnlyForDeploymentPostprocessing = 0;
		};
/* End PBXFrameworksBuildPhase section */

/* Begin PBXGroup section */
		46A0A1E925D1EF3B00BDCD4A /* CameraModel */ = {
			isa = PBXGroup;
			children = (
				46A0A1EA25D1EF8500BDCD4A /* ImagePickerView.swift */,
				46A0A1ED25D1F16D00BDCD4A /* Coodinator.swift */,
			);
			path = CameraModel;
			sourceTree = "<group>";
		};
		46A0A1F325D2C4D200BDCD4A /* Big5View */ = {
			isa = PBXGroup;
			children = (
				46D93B5225BDADD30031DD92 /* big5QuesCard.swift */,
				46D93B5525BDAE2C0031DD92 /* big5SlideView.swift */,
				46D93B4B25BD9D0A0031DD92 /* big5Edit.swift */,
			);
			path = Big5View;
			sourceTree = "<group>";
		};
		46A0A1F425D2C4F000BDCD4A /* Config */ = {
			isa = PBXGroup;
			children = (
				4612E87125D61E470085F7FE /* toVer2.xcmappingmodel */,
				46D93B4625BD9BE20031DD92 /* ChartView.swift */,
				46D93B2D25B934390031DD92 /* Persistence.swift */,
				46D93B5825BDAE840031DD92 /* ObservedClass.swift */,
			);
			path = Config;
			sourceTree = "<group>";
		};
		46A0A1F525D2C51100BDCD4A /* HomeView */ = {
			isa = PBXGroup;
			children = (
				46D93B1925B932330031DD92 /* Big5AppApp.swift */,
				4612E87325D64C1F0085F7FE /* HomeView.swift */,
				46D93B1B25B932330031DD92 /* ContentView.swift */,
				46D93B3825BCFB030031DD92 /* NewData.swift */,
				46D93B5C25BDB30A0031DD92 /* DetailData.swift */,
				46D93B3025BC57800031DD92 /* EditData.swift */,
				46D93B6225C6FBD80031DD92 /* QuickMemo.swift */,
				46A0A1F025D2C4B600BDCD4A /* IconView.swift */,
			);
			path = HomeView;
			sourceTree = "<group>";
		};
		46D93B0D25B932330031DD92 = {
			isa = PBXGroup;
			children = (
				46D93B1825B932330031DD92 /* Big5App */,
				46D93B1725B932330031DD92 /* Products */,
				6CBC3C2E55B9949BAD8C4444 /* Pods */,
				4933F95286DC5967FDC4ABC0 /* Frameworks */,
			);
			sourceTree = "<group>";
		};
		46D93B1725B932330031DD92 /* Products */ = {
			isa = PBXGroup;
			children = (
				46D93B1625B932330031DD92 /* Big5App.app */,
			);
			name = Products;
			sourceTree = "<group>";
		};
		46D93B1825B932330031DD92 /* Big5App */ = {
			isa = PBXGroup;
			children = (
				46D93B3325BCDC960031DD92 /* Extension */,
				46A0A1F525D2C51100BDCD4A /* HomeView */,
				46A0A1F325D2C4D200BDCD4A /* Big5View */,
				46A0A1E925D1EF3B00BDCD4A /* CameraModel */,
				46A0A1F425D2C4F000BDCD4A /* Config */,
				46D93B2925B932860031DD92 /* Big5App.xcdatamodeld */,
				46D93B1D25B932360031DD92 /* Assets.xcassets */,
				46D93B2225B932360031DD92 /* Info.plist */,
				46D93B1F25B932360031DD92 /* Preview Content */,
			);
			path = Big5App;
			sourceTree = "<group>";
		};
		46D93B1F25B932360031DD92 /* Preview Content */ = {
			isa = PBXGroup;
			children = (
				46D93B2025B932360031DD92 /* Preview Assets.xcassets */,
			);
			path = "Preview Content";
			sourceTree = "<group>";
		};
		46D93B3325BCDC960031DD92 /* Extension */ = {
			isa = PBXGroup;
			children = (
				46D93B3B25BD75F20031DD92 /* Color+Extension.swift */,
				46D93B3425BCDCAD0031DD92 /* Binding+Extension.swift */,
				46D93B3F25BD761A0031DD92 /* CGFloat+Extension.swift */,
			);
			path = Extension;
			sourceTree = "<group>";
		};
		4933F95286DC5967FDC4ABC0 /* Frameworks */ = {
			isa = PBXGroup;
			children = (
				545B744CD1CF28F4CEA09159 /* Pods_Big5App.framework */,
			);
			name = Frameworks;
			sourceTree = "<group>";
		};
		6CBC3C2E55B9949BAD8C4444 /* Pods */ = {
			isa = PBXGroup;
			children = (
				3C1518D77AF8AFBA41E4EC63 /* Pods-Big5App.debug.xcconfig */,
				FF0832B25BD497AC58AD6D24 /* Pods-Big5App.release.xcconfig */,
			);
			path = Pods;
			sourceTree = "<group>";
		};
/* End PBXGroup section */

/* Begin PBXNativeTarget section */
		46D93B1525B932330031DD92 /* Big5App */ = {
			isa = PBXNativeTarget;
			buildConfigurationList = 46D93B2525B932360031DD92 /* Build configuration list for PBXNativeTarget "Big5App" */;
			buildPhases = (
				3F4D23D7E8E889AAC83CB098 /* [CP] Check Pods Manifest.lock */,
				46D93B1225B932330031DD92 /* Sources */,
				46D93B1325B932330031DD92 /* Frameworks */,
				46D93B1425B932330031DD92 /* Resources */,
				0BD8C56E9D89640B78D44943 /* [CP] Embed Pods Frameworks */,
			);
			buildRules = (
			);
			dependencies = (
			);
			name = Big5App;
			productName = Big5App;
			productReference = 46D93B1625B932330031DD92 /* Big5App.app */;
			productType = "com.apple.product-type.application";
		};
/* End PBXNativeTarget section */

/* Begin PBXProject section */
		46D93B0E25B932330031DD92 /* Project object */ = {
			isa = PBXProject;
			attributes = {
				LastSwiftUpdateCheck = 1230;
				LastUpgradeCheck = 1230;
				TargetAttributes = {
					46D93B1525B932330031DD92 = {
						CreatedOnToolsVersion = 12.3;
					};
				};
			};
			buildConfigurationList = 46D93B1125B932330031DD92 /* Build configuration list for PBXProject "Big5App" */;
			compatibilityVersion = "Xcode 9.3";
			developmentRegion = en;
			hasScannedForEncodings = 0;
			knownRegions = (
				en,
				Base,
			);
			mainGroup = 46D93B0D25B932330031DD92;
			productRefGroup = 46D93B1725B932330031DD92 /* Products */;
			projectDirPath = "";
			projectRoot = "";
			targets = (
				46D93B1525B932330031DD92 /* Big5App */,
			);
		};
/* End PBXProject section */

/* Begin PBXResourcesBuildPhase section */
		46D93B1425B932330031DD92 /* Resources */ = {
			isa = PBXResourcesBuildPhase;
			buildActionMask = 2147483647;
			files = (
				46D93B2125B932360031DD92 /* Preview Assets.xcassets in Resources */,
				46D93B1E25B932360031DD92 /* Assets.xcassets in Resources */,
			);
			runOnlyForDeploymentPostprocessing = 0;
		};
/* End PBXResourcesBuildPhase section */

/* Begin PBXShellScriptBuildPhase section */
		0BD8C56E9D89640B78D44943 /* [CP] Embed Pods Frameworks */ = {
			isa = PBXShellScriptBuildPhase;
			buildActionMask = 2147483647;
			files = (
			);
			inputFileListPaths = (
				"${PODS_ROOT}/Target Support Files/Pods-Big5App/Pods-Big5App-frameworks-${CONFIGURATION}-input-files.xcfilelist",
			);
			name = "[CP] Embed Pods Frameworks";
			outputFileListPaths = (
				"${PODS_ROOT}/Target Support Files/Pods-Big5App/Pods-Big5App-frameworks-${CONFIGURATION}-output-files.xcfilelist",
			);
			runOnlyForDeploymentPostprocessing = 0;
			shellPath = /bin/sh;
			shellScript = "\"${PODS_ROOT}/Target Support Files/Pods-Big5App/Pods-Big5App-frameworks.sh\"\n";
			showEnvVarsInLog = 0;
		};
		3F4D23D7E8E889AAC83CB098 /* [CP] Check Pods Manifest.lock */ = {
			isa = PBXShellScriptBuildPhase;
			buildActionMask = 2147483647;
			files = (
			);
			inputFileListPaths = (
			);
			inputPaths = (
				"${PODS_PODFILE_DIR_PATH}/Podfile.lock",
				"${PODS_ROOT}/Manifest.lock",
			);
			name = "[CP] Check Pods Manifest.lock";
			outputFileListPaths = (
			);
			outputPaths = (
				"$(DERIVED_FILE_DIR)/Pods-Big5App-checkManifestLockResult.txt",
			);
			runOnlyForDeploymentPostprocessing = 0;
			shellPath = /bin/sh;
			shellScript = "diff \"${PODS_PODFILE_DIR_PATH}/Podfile.lock\" \"${PODS_ROOT}/Manifest.lock\" > /dev/null\nif [ $? != 0 ] ; then\n    # print error to STDERR\n    echo \"error: The sandbox is not in sync with the Podfile.lock. Run 'pod install' or update your CocoaPods installation.\" >&2\n    exit 1\nfi\n# This output is used by Xcode 'outputs' to avoid re-running this script phase.\necho \"SUCCESS\" > \"${SCRIPT_OUTPUT_FILE_0}\"\n";
			showEnvVarsInLog = 0;
		};
/* End PBXShellScriptBuildPhase section */

/* Begin PBXSourcesBuildPhase section */
		46D93B1225B932330031DD92 /* Sources */ = {
			isa = PBXSourcesBuildPhase;
			buildActionMask = 2147483647;
			files = (
				46D93B3925BCFB030031DD92 /* NewData.swift in Sources */,
				46D93B2B25B932860031DD92 /* Big5App.xcdatamodeld in Sources */,
				46D93B5D25BDB30A0031DD92 /* DetailData.swift in Sources */,
				46A0A1EB25D1EF8500BDCD4A /* ImagePickerView.swift in Sources */,
				46D93B3525BCDCAD0031DD92 /* Binding+Extension.swift in Sources */,
				46A0A1EE25D1F16D00BDCD4A /* Coodinator.swift in Sources */,
				46D93B5625BDAE2C0031DD92 /* big5SlideView.swift in Sources */,
				46D93B4725BD9BE20031DD92 /* ChartView.swift in Sources */,
				46D93B5325BDADD30031DD92 /* big5QuesCard.swift in Sources */,
				46D93B2E25B934390031DD92 /* Persistence.swift in Sources */,
				46D93B1C25B932330031DD92 /* ContentView.swift in Sources */,
				46D93B5925BDAE840031DD92 /* ObservedClass.swift in Sources */,
				46A0A1F125D2C4B600BDCD4A /* IconView.swift in Sources */,
				4612E87425D64C1F0085F7FE /* HomeView.swift in Sources */,
				46D93B4025BD761A0031DD92 /* CGFloat+Extension.swift in Sources */,
				46D93B3125BC57800031DD92 /* EditData.swift in Sources */,
				46D93B1A25B932330031DD92 /* Big5AppApp.swift in Sources */,
				46D93B6325C6FBD80031DD92 /* QuickMemo.swift in Sources */,
				46D93B4C25BD9D0A0031DD92 /* big5Edit.swift in Sources */,
				46D93B3C25BD75F20031DD92 /* Color+Extension.swift in Sources */,
			);
			runOnlyForDeploymentPostprocessing = 0;
		};
/* End PBXSourcesBuildPhase section */

/* Begin XCBuildConfiguration section */
		46D93B2325B932360031DD92 /* Debug */ = {
			isa = XCBuildConfiguration;
			buildSettings = {
				ALWAYS_SEARCH_USER_PATHS = NO;
				CLANG_ANALYZER_NONNULL = YES;
				CLANG_ANALYZER_NUMBER_OBJECT_CONVERSION = YES_AGGRESSIVE;
				CLANG_CXX_LANGUAGE_STANDARD = "gnu++14";
				CLANG_CXX_LIBRARY = "libc++";
				CLANG_ENABLE_MODULES = YES;
				CLANG_ENABLE_OBJC_ARC = YES;
				CLANG_ENABLE_OBJC_WEAK = YES;
				CLANG_WARN_BLOCK_CAPTURE_AUTORELEASING = YES;
				CLANG_WARN_BOOL_CONVERSION = YES;
				CLANG_WARN_COMMA = YES;
				CLANG_WARN_CONSTANT_CONVERSION = YES;
				CLANG_WARN_DEPRECATED_OBJC_IMPLEMENTATIONS = YES;
				CLANG_WARN_DIRECT_OBJC_ISA_USAGE = YES_ERROR;
				CLANG_WARN_DOCUMENTATION_COMMENTS = YES;
				CLANG_WARN_EMPTY_BODY = YES;
				CLANG_WARN_ENUM_CONVERSION = YES;
				CLANG_WARN_INFINITE_RECURSION = YES;
				CLANG_WARN_INT_CONVERSION = YES;
				CLANG_WARN_NON_LITERAL_NULL_CONVERSION = YES;
				CLANG_WARN_OBJC_IMPLICIT_RETAIN_SELF = YES;
				CLANG_WARN_OBJC_LITERAL_CONVERSION = YES;
				CLANG_WARN_OBJC_ROOT_CLASS = YES_ERROR;
				CLANG_WARN_QUOTED_INCLUDE_IN_FRAMEWORK_HEADER = YES;
				CLANG_WARN_RANGE_LOOP_ANALYSIS = YES;
				CLANG_WARN_STRICT_PROTOTYPES = YES;
				CLANG_WARN_SUSPICIOUS_MOVE = YES;
				CLANG_WARN_UNGUARDED_AVAILABILITY = YES_AGGRESSIVE;
				CLANG_WARN_UNREACHABLE_CODE = YES;
				CLANG_WARN__DUPLICATE_METHOD_MATCH = YES;
				COPY_PHASE_STRIP = NO;
				DEBUG_INFORMATION_FORMAT = dwarf;
				ENABLE_STRICT_OBJC_MSGSEND = YES;
				ENABLE_TESTABILITY = YES;
				GCC_C_LANGUAGE_STANDARD = gnu11;
				GCC_DYNAMIC_NO_PIC = NO;
				GCC_NO_COMMON_BLOCKS = YES;
				GCC_OPTIMIZATION_LEVEL = 0;
				GCC_PREPROCESSOR_DEFINITIONS = (
					"DEBUG=1",
					"$(inherited)",
				);
				GCC_WARN_64_TO_32_BIT_CONVERSION = YES;
				GCC_WARN_ABOUT_RETURN_TYPE = YES_ERROR;
				GCC_WARN_UNDECLARED_SELECTOR = YES;
				GCC_WARN_UNINITIALIZED_AUTOS = YES_AGGRESSIVE;
				GCC_WARN_UNUSED_FUNCTION = YES;
				GCC_WARN_UNUSED_VARIABLE = YES;
				IPHONEOS_DEPLOYMENT_TARGET = 14.3;
				MTL_ENABLE_DEBUG_INFO = INCLUDE_SOURCE;
				MTL_FAST_MATH = YES;
				ONLY_ACTIVE_ARCH = YES;
				SDKROOT = iphoneos;
				SWIFT_ACTIVE_COMPILATION_CONDITIONS = DEBUG;
				SWIFT_OPTIMIZATION_LEVEL = "-Onone";
			};
			name = Debug;
		};
		46D93B2425B932360031DD92 /* Release */ = {
			isa = XCBuildConfiguration;
			buildSettings = {
				ALWAYS_SEARCH_USER_PATHS = NO;
				CLANG_ANALYZER_NONNULL = YES;
				CLANG_ANALYZER_NUMBER_OBJECT_CONVERSION = YES_AGGRESSIVE;
				CLANG_CXX_LANGUAGE_STANDARD = "gnu++14";
				CLANG_CXX_LIBRARY = "libc++";
				CLANG_ENABLE_MODULES = YES;
				CLANG_ENABLE_OBJC_ARC = YES;
				CLANG_ENABLE_OBJC_WEAK = YES;
				CLANG_WARN_BLOCK_CAPTURE_AUTORELEASING = YES;
				CLANG_WARN_BOOL_CONVERSION = YES;
				CLANG_WARN_COMMA = YES;
				CLANG_WARN_CONSTANT_CONVERSION = YES;
				CLANG_WARN_DEPRECATED_OBJC_IMPLEMENTATIONS = YES;
				CLANG_WARN_DIRECT_OBJC_ISA_USAGE = YES_ERROR;
				CLANG_WARN_DOCUMENTATION_COMMENTS = YES;
				CLANG_WARN_EMPTY_BODY = YES;
				CLANG_WARN_ENUM_CONVERSION = YES;
				CLANG_WARN_INFINITE_RECURSION = YES;
				CLANG_WARN_INT_CONVERSION = YES;
				CLANG_WARN_NON_LITERAL_NULL_CONVERSION = YES;
				CLANG_WARN_OBJC_IMPLICIT_RETAIN_SELF = YES;
				CLANG_WARN_OBJC_LITERAL_CONVERSION = YES;
				CLANG_WARN_OBJC_ROOT_CLASS = YES_ERROR;
				CLANG_WARN_QUOTED_INCLUDE_IN_FRAMEWORK_HEADER = YES;
				CLANG_WARN_RANGE_LOOP_ANALYSIS = YES;
				CLANG_WARN_STRICT_PROTOTYPES = YES;
				CLANG_WARN_SUSPICIOUS_MOVE = YES;
				CLANG_WARN_UNGUARDED_AVAILABILITY = YES_AGGRESSIVE;
				CLANG_WARN_UNREACHABLE_CODE = YES;
				CLANG_WARN__DUPLICATE_METHOD_MATCH = YES;
				COPY_PHASE_STRIP = NO;
				DEBUG_INFORMATION_FORMAT = "dwarf-with-dsym";
				ENABLE_NS_ASSERTIONS = NO;
				ENABLE_STRICT_OBJC_MSGSEND = YES;
				GCC_C_LANGUAGE_STANDARD = gnu11;
				GCC_NO_COMMON_BLOCKS = YES;
				GCC_WARN_64_TO_32_BIT_CONVERSION = YES;
				GCC_WARN_ABOUT_RETURN_TYPE = YES_ERROR;
				GCC_WARN_UNDECLARED_SELECTOR = YES;
				GCC_WARN_UNINITIALIZED_AUTOS = YES_AGGRESSIVE;
				GCC_WARN_UNUSED_FUNCTION = YES;
				GCC_WARN_UNUSED_VARIABLE = YES;
				IPHONEOS_DEPLOYMENT_TARGET = 14.3;
				MTL_ENABLE_DEBUG_INFO = NO;
				MTL_FAST_MATH = YES;
				SDKROOT = iphoneos;
				SWIFT_COMPILATION_MODE = wholemodule;
				SWIFT_OPTIMIZATION_LEVEL = "-O";
				VALIDATE_PRODUCT = YES;
			};
			name = Release;
		};
		46D93B2625B932360031DD92 /* Debug */ = {
			isa = XCBuildConfiguration;
			baseConfigurationReference = 3C1518D77AF8AFBA41E4EC63 /* Pods-Big5App.debug.xcconfig */;
			buildSettings = {
				ASSETCATALOG_COMPILER_APPICON_NAME = AppIcon;
				ASSETCATALOG_COMPILER_GLOBAL_ACCENT_COLOR_NAME = AccentColor;
				CODE_SIGN_STYLE = Automatic;
				CURRENT_PROJECT_VERSION = 1.0.0;
				DEVELOPMENT_ASSET_PATHS = "\"Big5App/Preview Content\"";
				DEVELOPMENT_TEAM = 2U4CRCLBM4;
				ENABLE_PREVIEWS = YES;
				INFOPLIST_FILE = Big5App/Info.plist;
				IPHONEOS_DEPLOYMENT_TARGET = 14.0;
				LD_RUNPATH_SEARCH_PATHS = (
					"$(inherited)",
					"@executable_path/Frameworks",
				);
				MARKETING_VERSION = 1.0.0;
				PRODUCT_BUNDLE_IDENTIFIER = com.myuber.Big5Memo;
				PRODUCT_NAME = "$(TARGET_NAME)";
				SWIFT_VERSION = 5.0;
				TARGETED_DEVICE_FAMILY = "1,2";
			};
			name = Debug;
		};
		46D93B2725B932360031DD92 /* Release */ = {
			isa = XCBuildConfiguration;
			baseConfigurationReference = FF0832B25BD497AC58AD6D24 /* Pods-Big5App.release.xcconfig */;
			buildSettings = {
				ASSETCATALOG_COMPILER_APPICON_NAME = AppIcon;
				ASSETCATALOG_COMPILER_GLOBAL_ACCENT_COLOR_NAME = AccentColor;
				CODE_SIGN_STYLE = Automatic;
				CURRENT_PROJECT_VERSION = 1.0.0;
				DEVELOPMENT_ASSET_PATHS = "\"Big5App/Preview Content\"";
				DEVELOPMENT_TEAM = 2U4CRCLBM4;
				ENABLE_PREVIEWS = YES;
				INFOPLIST_FILE = Big5App/Info.plist;
				IPHONEOS_DEPLOYMENT_TARGET = 14.0;
				LD_RUNPATH_SEARCH_PATHS = (
					"$(inherited)",
					"@executable_path/Frameworks",
				);
				MARKETING_VERSION = 1.0.0;
				PRODUCT_BUNDLE_IDENTIFIER = com.myuber.Big5Memo;
				PRODUCT_NAME = "$(TARGET_NAME)";
				SWIFT_VERSION = 5.0;
				TARGETED_DEVICE_FAMILY = "1,2";
			};
			name = Release;
		};
/* End XCBuildConfiguration section */

/* Begin XCConfigurationList section */
		46D93B1125B932330031DD92 /* Build configuration list for PBXProject "Big5App" */ = {
			isa = XCConfigurationList;
			buildConfigurations = (
				46D93B2325B932360031DD92 /* Debug */,
				46D93B2425B932360031DD92 /* Release */,
			);
			defaultConfigurationIsVisible = 0;
			defaultConfigurationName = Release;
		};
		46D93B2525B932360031DD92 /* Build configuration list for PBXNativeTarget "Big5App" */ = {
			isa = XCConfigurationList;
			buildConfigurations = (
				46D93B2625B932360031DD92 /* Debug */,
				46D93B2725B932360031DD92 /* Release */,
			);
			defaultConfigurationIsVisible = 0;
			defaultConfigurationName = Release;
		};
/* End XCConfigurationList section */

/* Begin XCVersionGroup section */
		46D93B2925B932860031DD92 /* Big5App.xcdatamodeld */ = {
			isa = XCVersionGroup;
			children = (
				46A1530025D61A92006AE41E /* Big5App_ver2.xcdatamodel */,
				46D93B2A25B932860031DD92 /* Big5App.xcdatamodel */,
			);
			currentVersion = 46A1530025D61A92006AE41E /* Big5App_ver2.xcdatamodel */;
			path = Big5App.xcdatamodeld;
			sourceTree = "<group>";
			versionGroupType = wrapper.xcdatamodel;
		};
/* End XCVersionGroup section */
	};
	rootObject = 46D93B0E25B932330031DD92 /* Project object */;
}
